
Microsoft Visual Studio Solution File, Format Version 12.00
# Visual Studio Version 17
VisualStudioVersion = 17.14.36429.23 d17.14
MinimumVisualStudioVersion = 10.0.40219.1
Project("{FAE04EC0-301F-11D3-BF4B-00C04F79EFBC}") = "PodcastManagementSystem", "PodcastManagementSystem\PodcastManagementSystem.csproj", "{4C517EAC-0BF7-4C35-A0FC-2A7C0C9ADBCD}"
EndProject
Global
	GlobalSection(SolutionConfigurationPlatforms) = preSolution
		Debug|Any CPU = Debug|Any CPU
		Release|Any CPU = Release|Any CPU
	EndGlobalSection
	GlobalSection(ProjectConfigurationPlatforms) = postSolution
		{4C517EAC-0BF7-4C35-A0FC-2A7C0C9ADBCD}.Debug|Any CPU.ActiveCfg = Debug|Any CPU
		{4C517EAC-0BF7-4C35-A0FC-2A7C0C9ADBCD}.Debug|Any CPU.Build.0 = Debug|Any CPU
		{4C517EAC-0BF7-4C35-A0FC-2A7C0C9ADBCD}.Release|Any CPU.ActiveCfg = Release|Any CPU
		{4C517EAC-0BF7-4C35-A0FC-2A7C0C9ADBCD}.Release|Any CPU.Build.0 = Release|Any CPU
	EndGlobalSection
	GlobalSection(SolutionProperties) = preSolution
		HideSolutionNode = FALSE
	EndGlobalSection
	GlobalSection(ExtensibilityGlobals) = postSolution
		SolutionGuid = {1020F9EF-FDF1-418D-A745-5563A2F1B00A}
	EndGlobalSection
EndGlobal
